// !$*UTF8*$!
{
	archiveVersion = 1;
	classes = {
	};
	objectVersion = 46;
	objects = {

/* Begin PBXBuildFile section */
		473278F41D1B389B00176754 /* AppDelegate.swift in Sources */ = {isa = PBXBuildFile; fileRef = 473278F31D1B389B00176754 /* AppDelegate.swift */; };
		473278F91D1B389B00176754 /* Main.storyboard in Resources */ = {isa = PBXBuildFile; fileRef = 473278F71D1B389B00176754 /* Main.storyboard */; };
		473278FB1D1B389B00176754 /* Assets.xcassets in Resources */ = {isa = PBXBuildFile; fileRef = 473278FA1D1B389B00176754 /* Assets.xcassets */; };
		473278FE1D1B389B00176754 /* LaunchScreen.storyboard in Resources */ = {isa = PBXBuildFile; fileRef = 473278FC1D1B389B00176754 /* LaunchScreen.storyboard */; };
		473279071D1B393C00176754 /* AVOSCloud.framework in Frameworks */ = {isa = PBXBuildFile; fileRef = 473279061D1B393C00176754 /* AVOSCloud.framework */; };
		473279091D1B395000176754 /* AVOSCloud.framework in Embed Frameworks */ = {isa = PBXBuildFile; fileRef = 473279061D1B393C00176754 /* AVOSCloud.framework */; settings = {ATTRIBUTES = (CodeSignOnCopy, RemoveHeadersOnCopy, ); }; };
		4732790C1D1B425C00176754 /* SignInVC.swift in Sources */ = {isa = PBXBuildFile; fileRef = 4732790B1D1B425C00176754 /* SignInVC.swift */; };
		4732790E1D1B428300176754 /* SignUpVC.swift in Sources */ = {isa = PBXBuildFile; fileRef = 4732790D1D1B428300176754 /* SignUpVC.swift */; };
		473279101D1B429700176754 /* ResetPasswordVC.swift in Sources */ = {isa = PBXBuildFile; fileRef = 4732790F1D1B429700176754 /* ResetPasswordVC.swift */; };
/* End PBXBuildFile section */

/* Begin PBXCopyFilesBuildPhase section */
		4732790A1D1B395000176754 /* Embed Frameworks */ = {
			isa = PBXCopyFilesBuildPhase;
			buildActionMask = 2147483647;
			dstPath = "";
			dstSubfolderSpec = 10;
			files = (
				473279091D1B395000176754 /* AVOSCloud.framework in Embed Frameworks */,
			);
			name = "Embed Frameworks";
			runOnlyForDeploymentPostprocessing = 0;
		};
/* End PBXCopyFilesBuildPhase section */

/* Begin PBXFileReference section */
		473278F01D1B389B00176754 /* Instagram.app */ = {isa = PBXFileReference; explicitFileType = wrapper.application; includeInIndex = 0; path = Instagram.app; sourceTree = BUILT_PRODUCTS_DIR; };
		473278F31D1B389B00176754 /* AppDelegate.swift */ = {isa = PBXFileReference; lastKnownFileType = sourcecode.swift; path = AppDelegate.swift; sourceTree = "<group>"; };
		473278F81D1B389B00176754 /* Base */ = {isa = PBXFileReference; lastKnownFileType = file.storyboard; name = Base; path = Base.lproj/Main.storyboard; sourceTree = "<group>"; };
		473278FA1D1B389B00176754 /* Assets.xcassets */ = {isa = PBXFileReference; lastKnownFileType = folder.assetcatalog; path = Assets.xcassets; sourceTree = "<group>"; };
		473278FD1D1B389B00176754 /* Base */ = {isa = PBXFileReference; lastKnownFileType = file.storyboard; name = Base; path = Base.lproj/LaunchScreen.storyboard; sourceTree = "<group>"; };
		473278FF1D1B389B00176754 /* Info.plist */ = {isa = PBXFileReference; lastKnownFileType = text.plist.xml; path = Info.plist; sourceTree = "<group>"; };
		473279061D1B393C00176754 /* AVOSCloud.framework */ = {isa = PBXFileReference; lastKnownFileType = wrapper.framework; path = AVOSCloud.framework; sourceTree = "<group>"; };
		4732790B1D1B425C00176754 /* SignInVC.swift */ = {isa = PBXFileReference; fileEncoding = 4; lastKnownFileType = sourcecode.swift; path = SignInVC.swift; sourceTree = "<group>"; };
		4732790D1D1B428300176754 /* SignUpVC.swift */ = {isa = PBXFileReference; fileEncoding = 4; lastKnownFileType = sourcecode.swift; path = SignUpVC.swift; sourceTree = "<group>"; };
		4732790F1D1B429700176754 /* ResetPasswordVC.swift */ = {isa = PBXFileReference; fileEncoding = 4; lastKnownFileType = sourcecode.swift; path = ResetPasswordVC.swift; sourceTree = "<group>"; };
/* End PBXFileReference section */

/* Begin PBXFrameworksBuildPhase section */
		473278ED1D1B389B00176754 /* Frameworks */ = {
			isa = PBXFrameworksBuildPhase;
			buildActionMask = 2147483647;
			files = (
				473279071D1B393C00176754 /* AVOSCloud.framework in Frameworks */,
			);
			runOnlyForDeploymentPostprocessing = 0;
		};
/* End PBXFrameworksBuildPhase section */

/* Begin PBXGroup section */
		473278E71D1B389B00176754 = {
			isa = PBXGroup;
			children = (
				473279051D1B38DC00176754 /* Frameworks */,
				473278F21D1B389B00176754 /* Instagram */,
				473278F11D1B389B00176754 /* Products */,
			);
			sourceTree = "<group>";
		};
		473278F11D1B389B00176754 /* Products */ = {
			isa = PBXGroup;
			children = (
				473278F01D1B389B00176754 /* Instagram.app */,
			);
			name = Products;
			sourceTree = "<group>";
		};
		473278F21D1B389B00176754 /* Instagram */ = {
			isa = PBXGroup;
			children = (
				473278F31D1B389B00176754 /* AppDelegate.swift */,
				473278F71D1B389B00176754 /* Main.storyboard */,
				473278FA1D1B389B00176754 /* Assets.xcassets */,
				473278FC1D1B389B00176754 /* LaunchScreen.storyboard */,
				473278FF1D1B389B00176754 /* Info.plist */,
				4732790B1D1B425C00176754 /* SignInVC.swift */,
				4732790D1D1B428300176754 /* SignUpVC.swift */,
				4732790F1D1B429700176754 /* ResetPasswordVC.swift */,
			);
			path = Instagram;
			sourceTree = "<group>";
		};
		473279051D1B38DC00176754 /* Frameworks */ = {
			isa = PBXGroup;
			children = (
				473279061D1B393C00176754 /* AVOSCloud.framework */,
			);
			name = Frameworks;
			sourceTree = "<group>";
		};
/* End PBXGroup section */

/* Begin PBXNativeTarget section */
		473278EF1D1B389B00176754 /* Instagram */ = {
			isa = PBXNativeTarget;
			buildConfigurationList = 473279021D1B389B00176754 /* Build configuration list for PBXNativeTarget "Instagram" */;
			buildPhases = (
				473278EC1D1B389B00176754 /* Sources */,
				473278ED1D1B389B00176754 /* Frameworks */,
				473278EE1D1B389B00176754 /* Resources */,
				4732790A1D1B395000176754 /* Embed Frameworks */,
			);
			buildRules = (
			);
			dependencies = (
			);
			name = Instagram;
			productName = Instagram;
			productReference = 473278F01D1B389B00176754 /* Instagram.app */;
			productType = "com.apple.product-type.application";
		};
/* End PBXNativeTarget section */

/* Begin PBXProject section */
		473278E81D1B389B00176754 /* Project object */ = {
			isa = PBXProject;
			attributes = {
				LastSwiftUpdateCheck = 0800;
				LastUpgradeCheck = 0800;
				ORGANIZATIONNAME = "刘铭";
				TargetAttributes = {
					473278EF1D1B389B00176754 = {
						CreatedOnToolsVersion = 8.0;
						DevelopmentTeam = 84YDQ32Q44;
						DevelopmentTeamName = "ming liu";
						ProvisioningStyle = Automatic;
					};
				};
			};
			buildConfigurationList = 473278EB1D1B389B00176754 /* Build configuration list for PBXProject "Instagram" */;
			compatibilityVersion = "Xcode 3.2";
			developmentRegion = English;
			hasScannedForEncodings = 0;
			knownRegions = (
				en,
				Base,
			);
			mainGroup = 473278E71D1B389B00176754;
			productRefGroup = 473278F11D1B389B00176754 /* Products */;
			projectDirPath = "";
			projectRoot = "";
			targets = (
				473278EF1D1B389B00176754 /* Instagram */,
			);
		};
/* End PBXProject section */

/* Begin PBXResourcesBuildPhase section */
		473278EE1D1B389B00176754 /* Resources */ = {
			isa = PBXResourcesBuildPhase;
			buildActionMask = 2147483647;
			files = (
				473278FE1D1B389B00176754 /* LaunchScreen.storyboard in Resources */,
				473278FB1D1B389B00176754 /* Assets.xcassets in Resources */,
				473278F91D1B389B00176754 /* Main.storyboard in Resources */,
			);
			runOnlyForDeploymentPostprocessing = 0;
		};
/* End PBXResourcesBuildPhase section */

/* Begin PBXSourcesBuildPhase section */
		473278EC1D1B389B00176754 /* Sources */ = {
			isa = PBXSourcesBuildPhase;
			buildActionMask = 2147483647;
			files = (
				473278F41D1B389B00176754 /* AppDelegate.swift in Sources */,
				4732790E1D1B428300176754 /* SignUpVC.swift in Sources */,
				4732790C1D1B425C00176754 /* SignInVC.swift in Sources */,
				473279101D1B429700176754 /* ResetPasswordVC.swift in Sources */,
			);
			runOnlyForDeploymentPostprocessing = 0;
		};
/* End PBXSourcesBuildPhase section */

/* Begin PBXVariantGroup section */
		473278F71D1B389B00176754 /* Main.storyboard */ = {
			isa = PBXVariantGroup;
			children = (
				473278F81D1B389B00176754 /* Base */,
			);
			name = Main.storyboard;
			sourceTree = "<group>";
		};
		473278FC1D1B389B00176754 /* LaunchScreen.storyboard */ = {
			isa = PBXVariantGroup;
			children = (
				473278FD1D1B389B00176754 /* Base */,
			);
			name = LaunchScreen.storyboard;
			sourceTree = "<group>";
		};
/* End PBXVariantGroup section */

/* Begin XCBuildConfiguration section */
		473279001D1B389B00176754 /* Debug */ = {
			isa = XCBuildConfiguration;
			buildSettings = {
				ALWAYS_SEARCH_USER_PATHS = NO;
				CLANG_ANALYZER_NONNULL = YES;
				CLANG_CXX_LANGUAGE_STANDARD = "gnu++0x";
				CLANG_CXX_LIBRARY = "libc++";
				CLANG_ENABLE_MODULES = YES;
				CLANG_ENABLE_OBJC_ARC = YES;
				CLANG_WARN_BOOL_CONVERSION = YES;
				CLANG_WARN_CONSTANT_CONVERSION = YES;
				CLANG_WARN_DIRECT_OBJC_ISA_USAGE = YES_ERROR;
				CLANG_WARN_DOCUMENTATION_COMMENTS = YES;
				CLANG_WARN_EMPTY_BODY = YES;
				CLANG_WARN_ENUM_CONVERSION = YES;
				CLANG_WARN_INT_CONVERSION = YES;
				CLANG_WARN_OBJC_ROOT_CLASS = YES_ERROR;
				CLANG_WARN_UNREACHABLE_CODE = YES;
				CLANG_WARN__DUPLICATE_METHOD_MATCH = YES;
				"CODE_SIGN_IDENTITY[sdk=iphoneos*]" = "iPhone Developer";
				COPY_PHASE_STRIP = NO;
				DEBUG_INFORMATION_FORMAT = dwarf;
				ENABLE_STRICT_OBJC_MSGSEND = YES;
				ENABLE_TESTABILITY = YES;
				GCC_C_LANGUAGE_STANDARD = gnu99;
				GCC_DYNAMIC_NO_PIC = NO;
				GCC_NO_COMMON_BLOCKS = YES;
				GCC_OPTIMIZATION_LEVEL = 0;
				GCC_PREPROCESSOR_DEFINITIONS = (
					"DEBUG=1",
					"$(inherited)",
				);
				GCC_WARN_64_TO_32_BIT_CONVERSION = YES;
				GCC_WARN_ABOUT_RETURN_TYPE = YES_ERROR;
				GCC_WARN_UNDECLARED_SELECTOR = YES;
				GCC_WARN_UNINITIALIZED_AUTOS = YES_AGGRESSIVE;
				GCC_WARN_UNUSED_FUNCTION = YES;
				GCC_WARN_UNUSED_VARIABLE = YES;
				IPHONEOS_DEPLOYMENT_TARGET = 10.0;
				MTL_ENABLE_DEBUG_INFO = YES;
				ONLY_ACTIVE_ARCH = YES;
				SDKROOT = iphoneos;
				SWIFT_ACTIVE_COMPILATION_CONDITIONS = DEBUG;
				SWIFT_OPTIMIZATION_LEVEL = "-Onone";
			};
			name = Debug;
		};
		473279011D1B389B00176754 /* Release */ = {
			isa = XCBuildConfiguration;
			buildSettings = {
				ALWAYS_SEARCH_USER_PATHS = NO;
				CLANG_ANALYZER_NONNULL = YES;
				CLANG_CXX_LANGUAGE_STANDARD = "gnu++0x";
				CLANG_CXX_LIBRARY = "libc++";
				CLANG_ENABLE_MODULES = YES;
				CLANG_ENABLE_OBJC_ARC = YES;
				CLANG_WARN_BOOL_CONVERSION = YES;
				CLANG_WARN_CONSTANT_CONVERSION = YES;
				CLANG_WARN_DIRECT_OBJC_ISA_USAGE = YES_ERROR;
				CLANG_WARN_DOCUMENTATION_COMMENTS = YES;
				CLANG_WARN_EMPTY_BODY = YES;
				CLANG_WARN_ENUM_CONVERSION = YES;
				CLANG_WARN_INT_CONVERSION = YES;
				CLANG_WARN_OBJC_ROOT_CLASS = YES_ERROR;
				CLANG_WARN_UNREACHABLE_CODE = YES;
				CLANG_WARN__DUPLICATE_METHOD_MATCH = YES;
				"CODE_SIGN_IDENTITY[sdk=iphoneos*]" = "iPhone Developer";
				COPY_PHASE_STRIP = NO;
				DEBUG_INFORMATION_FORMAT = "dwarf-with-dsym";
				ENABLE_NS_ASSERTIONS = NO;
				ENABLE_STRICT_OBJC_MSGSEND = YES;
				GCC_C_LANGUAGE_STANDARD = gnu99;
				GCC_NO_COMMON_BLOCKS = YES;
				GCC_WARN_64_TO_32_BIT_CONVERSION = YES;
				GCC_WARN_ABOUT_RETURN_TYPE = YES_ERROR;
				GCC_WARN_UNDECLARED_SELECTOR = YES;
				GCC_WARN_UNINITIALIZED_AUTOS = YES_AGGRESSIVE;
				GCC_WARN_UNUSED_FUNCTION = YES;
				GCC_WARN_UNUSED_VARIABLE = YES;
				IPHONEOS_DEPLOYMENT_TARGET = 10.0;
				MTL_ENABLE_DEBUG_INFO = NO;
				SDKROOT = iphoneos;
				SWIFT_OPTIMIZATION_LEVEL = "-Owholemodule";
				VALIDATE_PRODUCT = YES;
			};
			name = Release;
		};
		473279031D1B389B00176754 /* Debug */ = {
			isa = XCBuildConfiguration;
			buildSettings = {
				ASSETCATALOG_COMPILER_APPICON_NAME = AppIcon;
				DEVELOPMENT_TEAM = 84YDQ32Q44;
				FRAMEWORK_SEARCH_PATHS = (
					"$(inherited)",
					"$(PROJECT_DIR)",
				);
				INFOPLIST_FILE = Instagram/Info.plist;
				LD_RUNPATH_SEARCH_PATHS = "$(inherited) @executable_path/Frameworks";
				PRODUCT_BUNDLE_IDENTIFIER = com.coderdream;
				PRODUCT_NAME = "$(TARGET_NAME)";
				SWIFT_VERSION = 3.0;
			};
			name = Debug;
		};
		473279041D1B389B00176754 /* Release */ = {
			isa = XCBuildConfiguration;
			buildSettings = {
				ASSETCATALOG_COMPILER_APPICON_NAME = AppIcon;
				DEVELOPMENT_TEAM = 84YDQ32Q44;
				FRAMEWORK_SEARCH_PATHS = (
					"$(inherited)",
					"$(PROJECT_DIR)",
				);
				INFOPLIST_FILE = Instagram/Info.plist;
				LD_RUNPATH_SEARCH_PATHS = "$(inherited) @executable_path/Frameworks";
				PRODUCT_BUNDLE_IDENTIFIER = com.coderdream;
				PRODUCT_NAME = "$(TARGET_NAME)";
				SWIFT_VERSION = 3.0;
			};
			name = Release;
		};
/* End XCBuildConfiguration section */

/* Begin XCConfigurationList section */
		473278EB1D1B389B00176754 /* Build configuration list for PBXProject "Instagram" */ = {
			isa = XCConfigurationList;
			buildConfigurations = (
				473279001D1B389B00176754 /* Debug */,
				473279011D1B389B00176754 /* Release */,
			);
			defaultConfigurationIsVisible = 0;
			defaultConfigurationName = Release;
		};
		473279021D1B389B00176754 /* Build configuration list for PBXNativeTarget "Instagram" */ = {
			isa = XCConfigurationList;
			buildConfigurations = (
				473279031D1B389B00176754 /* Debug */,
				473279041D1B389B00176754 /* Release */,
			);
			defaultConfigurationIsVisible = 0;
			defaultConfigurationName = Release;
		};
/* End XCConfigurationList section */
	};
	rootObject = 473278E81D1B389B00176754 /* Project object */;
}
